
Microsoft Visual Studio Solution File, Format Version 11.00
# Visual Studio 2010
Project("{E24C65DC-7377-472B-9ABA-BC803B73C61A}") = "ArioriUsingService", "..\..\WebSites\ArioriUsingService\", "{F3773348-AFEF-4828-A571-57D79254871B}"
	ProjectSection(WebsiteProperties) = preProject
		TargetFrameworkMoniker = ".NETFramework,Version%3Dv3.5"
		Debug.AspNetCompiler.VirtualPath = "/ArioriUsingService"
		Debug.AspNetCompiler.PhysicalPath = "..\..\WebSites\ArioriUsingService\"
		Debug.AspNetCompiler.TargetPath = "PrecompiledWeb\ArioriUsingService\"
		Debug.AspNetCompiler.Updateable = "true"
		Debug.AspNetCompiler.ForceOverwrite = "true"
		Debug.AspNetCompiler.FixedNames = "false"
		Debug.AspNetCompiler.Debug = "True"
		Release.AspNetCompiler.VirtualPath = "/ArioriUsingService"
		Release.AspNetCompiler.PhysicalPath = "..\..\WebSites\ArioriUsingService\"
		Release.AspNetCompiler.TargetPath = "PrecompiledWeb\ArioriUsingService\"
		Release.AspNetCompiler.Updateable = "true"
		Release.AspNetCompiler.ForceOverwrite = "true"
		Release.AspNetCompiler.FixedNames = "false"
		Release.AspNetCompiler.Debug = "False"
		VWDPort = "6161"
		DefaultWebSiteLanguage = "Visual C#"
	EndProjectSection
EndProject
Global
	GlobalSection(SolutionConfigurationPlatforms) = preSolution
		Debug|Any CPU = Debug|Any CPU
	EndGlobalSection
	GlobalSection(ProjectConfigurationPlatforms) = postSolution
		{F3773348-AFEF-4828-A571-57D79254871B}.Debug|Any CPU.ActiveCfg = Debug|Any CPU
		{F3773348-AFEF-4828-A571-57D79254871B}.Debug|Any CPU.Build.0 = Debug|Any CPU
	EndGlobalSection
	GlobalSection(SolutionProperties) = preSolution
		HideSolutionNode = FALSE
	EndGlobalSection
EndGlobal
